
Microsoft Visual Studio Solution File, Format Version 12.00
# Visual Studio Version 16
VisualStudioVersion = 16.0.29806.167
MinimumVisualStudioVersion = 10.0.40219.1
Project("{9A19103F-16F7-4668-BE54-9A1E7A4F7556}") = "KnowLedge", "KnowLedge\KnowLedge.csproj", "{CE7ECDBB-549B-4F49-BE61-1DEBD748FEC9}"
EndProject
Project("{2150E333-8FDC-42A3-9474-1A3956D46DE8}") = "1-Know.WebApp", "1-Know.WebApp", "{826B4CEB-A3ED-41DF-9FB8-F0EC5DEB8F75}"
EndProject
Project("{2150E333-8FDC-42A3-9474-1A3956D46DE8}") = "Framework", "Framework", "{D8BC9C5E-2E20-4CD3-AC04-592FEB1E8384}"
EndProject
Project("{9A19103F-16F7-4668-BE54-9A1E7A4F7556}") = "Framework", "Framework\Framework.csproj", "{37CC7800-D22B-4CB3-B055-DBCF7EF0B3E1}"
EndProject
Project("{2150E333-8FDC-42A3-9474-1A3956D46DE8}") = "2-Know.Business", "2-Know.Business", "{54BAF3E7-5539-40A7-8E7C-949136946F26}"
EndProject
Project("{2150E333-8FDC-42A3-9474-1A3956D46DE8}") = "3-Know.Model", "3-Know.Model", "{8075E79A-CD37-4A8D-873B-C78425B9353B}"
EndProject
Project("{2150E333-8FDC-42A3-9474-1A3956D46DE8}") = "4-Know.Repository", "4-Know.Repository", "{3659DD7D-AA7B-4B77-BB30-A487EF20D058}"
EndProject
Project("{2150E333-8FDC-42A3-9474-1A3956D46DE8}") = "5-Know.IRepository", "5-Know.IRepository", "{5628691E-3EA3-4572-904F-A3BFA011D819}"
EndProject
Project("{9A19103F-16F7-4668-BE54-9A1E7A4F7556}") = "Know.Framework", "Know.Framework\Know.Framework.csproj", "{0944284A-E14D-4CD2-9190-D68FFDF1B7B5}"
EndProject
Project("{FAE04EC0-301F-11D3-BF4B-00C04F79EFBC}") = "Know.IRepository", "Know.IRepository\Know.IRepository.csproj", "{128E89D6-2E6D-450F-B161-B072C113135B}"
EndProject
Project("{FAE04EC0-301F-11D3-BF4B-00C04F79EFBC}") = "Core", "Core\Core.csproj", "{BE3E41C3-6373-44B8-909E-E4454E3F6190}"
EndProject
Project("{FAE04EC0-301F-11D3-BF4B-00C04F79EFBC}") = "Know.Repository", "Know.Repository\Know.Repository.csproj", "{A744399E-5C88-4A6B-9394-28812C8F0099}"
EndProject
Project("{FAE04EC0-301F-11D3-BF4B-00C04F79EFBC}") = "Know.Business", "Know.Business\Know.Business.csproj", "{6BB30138-3869-47E0-BDE5-20961257802A}"
EndProject
Project("{FAE04EC0-301F-11D3-BF4B-00C04F79EFBC}") = "Know.Model", "Know.Model\Know.Model.csproj", "{B5C4A1F1-2B6E-4AAB-8F86-2CFB1462660B}"
EndProject
Global
	GlobalSection(SolutionConfigurationPlatforms) = preSolution
		Debug|Any CPU = Debug|Any CPU
		Release|Any CPU = Release|Any CPU
	EndGlobalSection
	GlobalSection(ProjectConfigurationPlatforms) = postSolution
		{CE7ECDBB-549B-4F49-BE61-1DEBD748FEC9}.Debug|Any CPU.ActiveCfg = Debug|Any CPU
		{CE7ECDBB-549B-4F49-BE61-1DEBD748FEC9}.Debug|Any CPU.Build.0 = Debug|Any CPU
		{CE7ECDBB-549B-4F49-BE61-1DEBD748FEC9}.Release|Any CPU.ActiveCfg = Release|Any CPU
		{CE7ECDBB-549B-4F49-BE61-1DEBD748FEC9}.Release|Any CPU.Build.0 = Release|Any CPU
		{37CC7800-D22B-4CB3-B055-DBCF7EF0B3E1}.Debug|Any CPU.ActiveCfg = Debug|Any CPU
		{37CC7800-D22B-4CB3-B055-DBCF7EF0B3E1}.Debug|Any CPU.Build.0 = Debug|Any CPU
		{37CC7800-D22B-4CB3-B055-DBCF7EF0B3E1}.Release|Any CPU.ActiveCfg = Release|Any CPU
		{37CC7800-D22B-4CB3-B055-DBCF7EF0B3E1}.Release|Any CPU.Build.0 = Release|Any CPU
		{0944284A-E14D-4CD2-9190-D68FFDF1B7B5}.Debug|Any CPU.ActiveCfg = Debug|Any CPU
		{0944284A-E14D-4CD2-9190-D68FFDF1B7B5}.Debug|Any CPU.Build.0 = Debug|Any CPU
		{0944284A-E14D-4CD2-9190-D68FFDF1B7B5}.Release|Any CPU.ActiveCfg = Release|Any CPU
		{0944284A-E14D-4CD2-9190-D68FFDF1B7B5}.Release|Any CPU.Build.0 = Release|Any CPU
		{128E89D6-2E6D-450F-B161-B072C113135B}.Debug|Any CPU.ActiveCfg = Debug|Any CPU
		{128E89D6-2E6D-450F-B161-B072C113135B}.Debug|Any CPU.Build.0 = Debug|Any CPU
		{128E89D6-2E6D-450F-B161-B072C113135B}.Release|Any CPU.ActiveCfg = Release|Any CPU
		{128E89D6-2E6D-450F-B161-B072C113135B}.Release|Any CPU.Build.0 = Release|Any CPU
		{BE3E41C3-6373-44B8-909E-E4454E3F6190}.Debug|Any CPU.ActiveCfg = Debug|Any CPU
		{BE3E41C3-6373-44B8-909E-E4454E3F6190}.Debug|Any CPU.Build.0 = Debug|Any CPU
		{BE3E41C3-6373-44B8-909E-E4454E3F6190}.Release|Any CPU.ActiveCfg = Release|Any CPU
		{BE3E41C3-6373-44B8-909E-E4454E3F6190}.Release|Any CPU.Build.0 = Release|Any CPU
		{A744399E-5C88-4A6B-9394-28812C8F0099}.Debug|Any CPU.ActiveCfg = Debug|Any CPU
		{A744399E-5C88-4A6B-9394-28812C8F0099}.Debug|Any CPU.Build.0 = Debug|Any CPU
		{A744399E-5C88-4A6B-9394-28812C8F0099}.Release|Any CPU.ActiveCfg = Release|Any CPU
		{A744399E-5C88-4A6B-9394-28812C8F0099}.Release|Any CPU.Build.0 = Release|Any CPU
		{6BB30138-3869-47E0-BDE5-20961257802A}.Debug|Any CPU.ActiveCfg = Debug|Any CPU
		{6BB30138-3869-47E0-BDE5-20961257802A}.Debug|Any CPU.Build.0 = Debug|Any CPU
		{6BB30138-3869-47E0-BDE5-20961257802A}.Release|Any CPU.ActiveCfg = Release|Any CPU
		{6BB30138-3869-47E0-BDE5-20961257802A}.Release|Any CPU.Build.0 = Release|Any CPU
		{B5C4A1F1-2B6E-4AAB-8F86-2CFB1462660B}.Debug|Any CPU.ActiveCfg = Debug|Any CPU
		{B5C4A1F1-2B6E-4AAB-8F86-2CFB1462660B}.Debug|Any CPU.Build.0 = Debug|Any CPU
		{B5C4A1F1-2B6E-4AAB-8F86-2CFB1462660B}.Release|Any CPU.ActiveCfg = Release|Any CPU
		{B5C4A1F1-2B6E-4AAB-8F86-2CFB1462660B}.Release|Any CPU.Build.0 = Release|Any CPU
	EndGlobalSection
	GlobalSection(SolutionProperties) = preSolution
		HideSolutionNode = FALSE
	EndGlobalSection
	GlobalSection(NestedProjects) = preSolution
		{CE7ECDBB-549B-4F49-BE61-1DEBD748FEC9} = {826B4CEB-A3ED-41DF-9FB8-F0EC5DEB8F75}
		{37CC7800-D22B-4CB3-B055-DBCF7EF0B3E1} = {D8BC9C5E-2E20-4CD3-AC04-592FEB1E8384}
		{0944284A-E14D-4CD2-9190-D68FFDF1B7B5} = {826B4CEB-A3ED-41DF-9FB8-F0EC5DEB8F75}
		{128E89D6-2E6D-450F-B161-B072C113135B} = {5628691E-3EA3-4572-904F-A3BFA011D819}
		{BE3E41C3-6373-44B8-909E-E4454E3F6190} = {D8BC9C5E-2E20-4CD3-AC04-592FEB1E8384}
		{A744399E-5C88-4A6B-9394-28812C8F0099} = {3659DD7D-AA7B-4B77-BB30-A487EF20D058}
		{6BB30138-3869-47E0-BDE5-20961257802A} = {54BAF3E7-5539-40A7-8E7C-949136946F26}
		{B5C4A1F1-2B6E-4AAB-8F86-2CFB1462660B} = {8075E79A-CD37-4A8D-873B-C78425B9353B}
	EndGlobalSection
	GlobalSection(ExtensibilityGlobals) = postSolution
		SolutionGuid = {C5C292C7-79BC-4CEA-9BC7-CE6AF6E63BE1}
	EndGlobalSection
EndGlobal
